
Microsoft Visual Studio Solution File, Format Version 12.00
# Visual Studio Version 17
VisualStudioVersion = 17.11.35327.3
MinimumVisualStudioVersion = 10.0.40219.1
Project("{FAE04EC0-301F-11D3-BF4B-00C04F79EFBC}") = "NeedForSpeed", "NeedForSpeed\NeedForSpeed.csproj", "{8A951516-0324-4F31-9499-0850A6787CB3}"
EndProject
Global
	GlobalSection(SolutionConfigurationPlatforms) = preSolution
		Debug|Any CPU = Debug|Any CPU
		Release|Any CPU = Release|Any CPU
	EndGlobalSection
	GlobalSection(ProjectConfigurationPlatforms) = postSolution
		{8A951516-0324-4F31-9499-0850A6787CB3}.Debug|Any CPU.ActiveCfg = Debug|Any CPU
		{8A951516-0324-4F31-9499-0850A6787CB3}.Debug|Any CPU.Build.0 = Debug|Any CPU
		{8A951516-0324-4F31-9499-0850A6787CB3}.Release|Any CPU.ActiveCfg = Release|Any CPU
		{8A951516-0324-4F31-9499-0850A6787CB3}.Release|Any CPU.Build.0 = Release|Any CPU
	EndGlobalSection
	GlobalSection(SolutionProperties) = preSolution
		HideSolutionNode = FALSE
	EndGlobalSection
	GlobalSection(ExtensibilityGlobals) = postSolution
		SolutionGuid = {B10B2268-EDA7-4974-BE25-EDE5F89336BC}
	EndGlobalSection
EndGlobal
